
Microsoft Visual Studio Solution File, Format Version 12.00
Project("{FAE04EC0-301F-11D3-BF4B-00C04F79EFBC}") = "Chapter2", "Chapter2\Chapter2.csproj", "{A4AF788F-A716-4E9C-B36C-1370B16DA218}"
EndProject
Project("{FAE04EC0-301F-11D3-BF4B-00C04F79EFBC}") = "Chapter3", "Chapter3\Chapter3.csproj", "{FBE3D003-0CC6-45F6-83A9-AEFBCBA49EFF}"
EndProject
Project("{FAE04EC0-301F-11D3-BF4B-00C04F79EFBC}") = "Chapter4", "Chapter4\Chapter4.csproj", "{3F29DA5D-1DE6-494C-9055-088C3B454A29}"
EndProject
Project("{FAE04EC0-301F-11D3-BF4B-00C04F79EFBC}") = "Chapter5", "Chapter5\Chapter5.csproj", "{70A9C60D-87A4-4584-88D5-D0A53B60EF28}"
EndProject
Project("{FAE04EC0-301F-11D3-BF4B-00C04F79EFBC}") = "Chapter6", "Chapter6\Chapter6.csproj", "{BE78B7E2-10A6-439D-A933-2C13757DD0D6}"
EndProject
Project("{FAE04EC0-301F-11D3-BF4B-00C04F79EFBC}") = "Common", "Common\Common.csproj", "{BEB4A173-A368-4CD4-B076-A811B31DA47F}"
EndProject
Project("{FAE04EC0-301F-11D3-BF4B-00C04F79EFBC}") = "Chapter7", "Chapter7\Chapter7.csproj", "{F72CA73B-CB5F-4A37-911C-7BB4CFCEFF23}"
EndProject
Project("{FAE04EC0-301F-11D3-BF4B-00C04F79EFBC}") = "Chapter8", "Chapter8\Chapter8.csproj", "{87847C85-AD03-4F4D-8E22-055093BF9A52}"
EndProject
Project("{FAE04EC0-301F-11D3-BF4B-00C04F79EFBC}") = "Chapter9", "Chapter9\Chapter9.csproj", "{F6D109C9-C3C2-4953-AE36-0A084AABED09}"
EndProject
Project("{FAE04EC0-301F-11D3-BF4B-00C04F79EFBC}") = "Chapter10", "Chapter10\Chapter10.csproj", "{58BF9FAA-5DC4-4592-BCF2-695399E92A37}"
EndProject
Project("{FAE04EC0-301F-11D3-BF4B-00C04F79EFBC}") = "Chapter11", "Chapter11\Chapter11.csproj", "{05601105-F842-4D8D-8FE1-2C3B37B6ACC2}"
EndProject
Project("{FAE04EC0-301F-11D3-BF4B-00C04F79EFBC}") = "Chapter12", "Chapter12\Chapter12.csproj", "{294F7DB4-2460-4DB0-B285-B9184B58BDC5}"
EndProject
Project("{FAE04EC0-301F-11D3-BF4B-00C04F79EFBC}") = "Chapter13", "Chapter13\Chapter13.csproj", "{EC86C2C4-6D34-429A-8FD9-B0D1ED2E517F}"
EndProject
Project("{FAE04EC0-301F-11D3-BF4B-00C04F79EFBC}") = "Chapter14", "Chapter14\Chapter14.csproj", "{3CCA33F7-D370-4CAD-A857-23A490C7CE8B}"
EndProject
Project("{FAE04EC0-301F-11D3-BF4B-00C04F79EFBC}") = "Chapter15", "Chapter15\Chapter15.csproj", "{24B1C3E8-B74B-4050-BAED-0E35EB842BF4}"
EndProject
Project("{FAE04EC0-301F-11D3-BF4B-00C04F79EFBC}") = "Chapter16", "Chapter16\Chapter16.csproj", "{26193445-DB08-44EA-998D-42BF471FCB21}"
EndProject
Project("{FAE04EC0-301F-11D3-BF4B-00C04F79EFBC}") = "Chapter17", "Chapter17\Chapter17.csproj", "{1954D9B2-B889-44CC-AB30-29C1B9096EA1}"
EndProject
Project("{FAE04EC0-301F-11D3-BF4B-00C04F79EFBC}") = "Chapter18", "Chapter18\Chapter18.csproj", "{F9950F5F-C84B-456C-B147-90A9D154A1D7}"
EndProject
Global
	GlobalSection(SolutionConfigurationPlatforms) = preSolution
		Debug|Any CPU = Debug|Any CPU
		Debug|x64 = Debug|x64
		Debug|x86 = Debug|x86
		Release|Any CPU = Release|Any CPU
		Release|x64 = Release|x64
		Release|x86 = Release|x86
	EndGlobalSection
	GlobalSection(ProjectConfigurationPlatforms) = postSolution
		{A4AF788F-A716-4E9C-B36C-1370B16DA218}.Debug|Any CPU.ActiveCfg = Debug|Any CPU
		{A4AF788F-A716-4E9C-B36C-1370B16DA218}.Debug|Any CPU.Build.0 = Debug|Any CPU
		{A4AF788F-A716-4E9C-B36C-1370B16DA218}.Debug|x64.ActiveCfg = Debug|Any CPU
		{A4AF788F-A716-4E9C-B36C-1370B16DA218}.Debug|x64.Build.0 = Debug|Any CPU
		{A4AF788F-A716-4E9C-B36C-1370B16DA218}.Debug|x86.ActiveCfg = Debug|Any CPU
		{A4AF788F-A716-4E9C-B36C-1370B16DA218}.Debug|x86.Build.0 = Debug|Any CPU
		{A4AF788F-A716-4E9C-B36C-1370B16DA218}.Release|Any CPU.ActiveCfg = Release|Any CPU
		{A4AF788F-A716-4E9C-B36C-1370B16DA218}.Release|Any CPU.Build.0 = Release|Any CPU
		{A4AF788F-A716-4E9C-B36C-1370B16DA218}.Release|x64.ActiveCfg = Release|Any CPU
		{A4AF788F-A716-4E9C-B36C-1370B16DA218}.Release|x64.Build.0 = Release|Any CPU
		{A4AF788F-A716-4E9C-B36C-1370B16DA218}.Release|x86.ActiveCfg = Release|Any CPU
		{A4AF788F-A716-4E9C-B36C-1370B16DA218}.Release|x86.Build.0 = Release|Any CPU
		{FBE3D003-0CC6-45F6-83A9-AEFBCBA49EFF}.Debug|Any CPU.ActiveCfg = Debug|Any CPU
		{FBE3D003-0CC6-45F6-83A9-AEFBCBA49EFF}.Debug|Any CPU.Build.0 = Debug|Any CPU
		{FBE3D003-0CC6-45F6-83A9-AEFBCBA49EFF}.Debug|x64.ActiveCfg = Debug|Any CPU
		{FBE3D003-0CC6-45F6-83A9-AEFBCBA49EFF}.Debug|x64.Build.0 = Debug|Any CPU
		{FBE3D003-0CC6-45F6-83A9-AEFBCBA49EFF}.Debug|x86.ActiveCfg = Debug|Any CPU
		{FBE3D003-0CC6-45F6-83A9-AEFBCBA49EFF}.Debug|x86.Build.0 = Debug|Any CPU
		{FBE3D003-0CC6-45F6-83A9-AEFBCBA49EFF}.Release|Any CPU.ActiveCfg = Release|Any CPU
		{FBE3D003-0CC6-45F6-83A9-AEFBCBA49EFF}.Release|Any CPU.Build.0 = Release|Any CPU
		{FBE3D003-0CC6-45F6-83A9-AEFBCBA49EFF}.Release|x64.ActiveCfg = Release|Any CPU
		{FBE3D003-0CC6-45F6-83A9-AEFBCBA49EFF}.Release|x64.Build.0 = Release|Any CPU
		{FBE3D003-0CC6-45F6-83A9-AEFBCBA49EFF}.Release|x86.ActiveCfg = Release|Any CPU
		{FBE3D003-0CC6-45F6-83A9-AEFBCBA49EFF}.Release|x86.Build.0 = Release|Any CPU
		{3F29DA5D-1DE6-494C-9055-088C3B454A29}.Debug|Any CPU.ActiveCfg = Debug|Any CPU
		{3F29DA5D-1DE6-494C-9055-088C3B454A29}.Debug|Any CPU.Build.0 = Debug|Any CPU
		{3F29DA5D-1DE6-494C-9055-088C3B454A29}.Debug|x64.ActiveCfg = Debug|Any CPU
		{3F29DA5D-1DE6-494C-9055-088C3B454A29}.Debug|x64.Build.0 = Debug|Any CPU
		{3F29DA5D-1DE6-494C-9055-088C3B454A29}.Debug|x86.ActiveCfg = Debug|Any CPU
		{3F29DA5D-1DE6-494C-9055-088C3B454A29}.Debug|x86.Build.0 = Debug|Any CPU
		{3F29DA5D-1DE6-494C-9055-088C3B454A29}.Release|Any CPU.ActiveCfg = Release|Any CPU
		{3F29DA5D-1DE6-494C-9055-088C3B454A29}.Release|Any CPU.Build.0 = Release|Any CPU
		{3F29DA5D-1DE6-494C-9055-088C3B454A29}.Release|x64.ActiveCfg = Release|Any CPU
		{3F29DA5D-1DE6-494C-9055-088C3B454A29}.Release|x64.Build.0 = Release|Any CPU
		{3F29DA5D-1DE6-494C-9055-088C3B454A29}.Release|x86.ActiveCfg = Release|Any CPU
		{3F29DA5D-1DE6-494C-9055-088C3B454A29}.Release|x86.Build.0 = Release|Any CPU
		{70A9C60D-87A4-4584-88D5-D0A53B60EF28}.Debug|Any CPU.ActiveCfg = Debug|Any CPU
		{70A9C60D-87A4-4584-88D5-D0A53B60EF28}.Debug|Any CPU.Build.0 = Debug|Any CPU
		{70A9C60D-87A4-4584-88D5-D0A53B60EF28}.Debug|x64.ActiveCfg = Debug|Any CPU
		{70A9C60D-87A4-4584-88D5-D0A53B60EF28}.Debug|x64.Build.0 = Debug|Any CPU
		{70A9C60D-87A4-4584-88D5-D0A53B60EF28}.Debug|x86.ActiveCfg = Debug|Any CPU
		{70A9C60D-87A4-4584-88D5-D0A53B60EF28}.Debug|x86.Build.0 = Debug|Any CPU
		{70A9C60D-87A4-4584-88D5-D0A53B60EF28}.Release|Any CPU.ActiveCfg = Release|Any CPU
		{70A9C60D-87A4-4584-88D5-D0A53B60EF28}.Release|Any CPU.Build.0 = Release|Any CPU
		{70A9C60D-87A4-4584-88D5-D0A53B60EF28}.Release|x64.ActiveCfg = Release|Any CPU
		{70A9C60D-87A4-4584-88D5-D0A53B60EF28}.Release|x64.Build.0 = Release|Any CPU
		{70A9C60D-87A4-4584-88D5-D0A53B60EF28}.Release|x86.ActiveCfg = Release|Any CPU
		{70A9C60D-87A4-4584-88D5-D0A53B60EF28}.Release|x86.Build.0 = Release|Any CPU
		{BE78B7E2-10A6-439D-A933-2C13757DD0D6}.Debug|Any CPU.ActiveCfg = Debug|Any CPU
		{BE78B7E2-10A6-439D-A933-2C13757DD0D6}.Debug|Any CPU.Build.0 = Debug|Any CPU
		{BE78B7E2-10A6-439D-A933-2C13757DD0D6}.Debug|x64.ActiveCfg = Debug|Any CPU
		{BE78B7E2-10A6-439D-A933-2C13757DD0D6}.Debug|x64.Build.0 = Debug|Any CPU
		{BE78B7E2-10A6-439D-A933-2C13757DD0D6}.Debug|x86.ActiveCfg = Debug|Any CPU
		{BE78B7E2-10A6-439D-A933-2C13757DD0D6}.Debug|x86.Build.0 = Debug|Any CPU
		{BE78B7E2-10A6-439D-A933-2C13757DD0D6}.Release|Any CPU.ActiveCfg = Release|Any CPU
		{BE78B7E2-10A6-439D-A933-2C13757DD0D6}.Release|Any CPU.Build.0 = Release|Any CPU
		{BE78B7E2-10A6-439D-A933-2C13757DD0D6}.Release|x64.ActiveCfg = Release|Any CPU
		{BE78B7E2-10A6-439D-A933-2C13757DD0D6}.Release|x64.Build.0 = Release|Any CPU
		{BE78B7E2-10A6-439D-A933-2C13757DD0D6}.Release|x86.ActiveCfg = Release|Any CPU
		{BE78B7E2-10A6-439D-A933-2C13757DD0D6}.Release|x86.Build.0 = Release|Any CPU
		{BEB4A173-A368-4CD4-B076-A811B31DA47F}.Debug|Any CPU.ActiveCfg = Debug|Any CPU
		{BEB4A173-A368-4CD4-B076-A811B31DA47F}.Debug|Any CPU.Build.0 = Debug|Any CPU
		{BEB4A173-A368-4CD4-B076-A811B31DA47F}.Debug|x64.ActiveCfg = Debug|Any CPU
		{BEB4A173-A368-4CD4-B076-A811B31DA47F}.Debug|x64.Build.0 = Debug|Any CPU
		{BEB4A173-A368-4CD4-B076-A811B31DA47F}.Debug|x86.ActiveCfg = Debug|Any CPU
		{BEB4A173-A368-4CD4-B076-A811B31DA47F}.Debug|x86.Build.0 = Debug|Any CPU
		{BEB4A173-A368-4CD4-B076-A811B31DA47F}.Release|Any CPU.ActiveCfg = Release|Any CPU
		{BEB4A173-A368-4CD4-B076-A811B31DA47F}.Release|Any CPU.Build.0 = Release|Any CPU
		{BEB4A173-A368-4CD4-B076-A811B31DA47F}.Release|x64.ActiveCfg = Release|Any CPU
		{BEB4A173-A368-4CD4-B076-A811B31DA47F}.Release|x64.Build.0 = Release|Any CPU
		{BEB4A173-A368-4CD4-B076-A811B31DA47F}.Release|x86.ActiveCfg = Release|Any CPU
		{BEB4A173-A368-4CD4-B076-A811B31DA47F}.Release|x86.Build.0 = Release|Any CPU
		{F72CA73B-CB5F-4A37-911C-7BB4CFCEFF23}.Debug|Any CPU.ActiveCfg = Debug|Any CPU
		{F72CA73B-CB5F-4A37-911C-7BB4CFCEFF23}.Debug|Any CPU.Build.0 = Debug|Any CPU
		{F72CA73B-CB5F-4A37-911C-7BB4CFCEFF23}.Debug|x64.ActiveCfg = Debug|Any CPU
		{F72CA73B-CB5F-4A37-911C-7BB4CFCEFF23}.Debug|x64.Build.0 = Debug|Any CPU
		{F72CA73B-CB5F-4A37-911C-7BB4CFCEFF23}.Debug|x86.ActiveCfg = Debug|Any CPU
		{F72CA73B-CB5F-4A37-911C-7BB4CFCEFF23}.Debug|x86.Build.0 = Debug|Any CPU
		{F72CA73B-CB5F-4A37-911C-7BB4CFCEFF23}.Release|Any CPU.ActiveCfg = Release|Any CPU
		{F72CA73B-CB5F-4A37-911C-7BB4CFCEFF23}.Release|Any CPU.Build.0 = Release|Any CPU
		{F72CA73B-CB5F-4A37-911C-7BB4CFCEFF23}.Release|x64.ActiveCfg = Release|Any CPU
		{F72CA73B-CB5F-4A37-911C-7BB4CFCEFF23}.Release|x64.Build.0 = Release|Any CPU
		{F72CA73B-CB5F-4A37-911C-7BB4CFCEFF23}.Release|x86.ActiveCfg = Release|Any CPU
		{F72CA73B-CB5F-4A37-911C-7BB4CFCEFF23}.Release|x86.Build.0 = Release|Any CPU
		{87847C85-AD03-4F4D-8E22-055093BF9A52}.Debug|Any CPU.ActiveCfg = Debug|Any CPU
		{87847C85-AD03-4F4D-8E22-055093BF9A52}.Debug|Any CPU.Build.0 = Debug|Any CPU
		{87847C85-AD03-4F4D-8E22-055093BF9A52}.Debug|x64.ActiveCfg = Debug|Any CPU
		{87847C85-AD03-4F4D-8E22-055093BF9A52}.Debug|x64.Build.0 = Debug|Any CPU
		{87847C85-AD03-4F4D-8E22-055093BF9A52}.Debug|x86.ActiveCfg = Debug|Any CPU
		{87847C85-AD03-4F4D-8E22-055093BF9A52}.Debug|x86.Build.0 = Debug|Any CPU
		{87847C85-AD03-4F4D-8E22-055093BF9A52}.Release|Any CPU.ActiveCfg = Release|Any CPU
		{87847C85-AD03-4F4D-8E22-055093BF9A52}.Release|Any CPU.Build.0 = Release|Any CPU
		{87847C85-AD03-4F4D-8E22-055093BF9A52}.Release|x64.ActiveCfg = Release|Any CPU
		{87847C85-AD03-4F4D-8E22-055093BF9A52}.Release|x64.Build.0 = Release|Any CPU
		{87847C85-AD03-4F4D-8E22-055093BF9A52}.Release|x86.ActiveCfg = Release|Any CPU
		{87847C85-AD03-4F4D-8E22-055093BF9A52}.Release|x86.Build.0 = Release|Any CPU
		{F6D109C9-C3C2-4953-AE36-0A084AABED09}.Debug|Any CPU.ActiveCfg = Debug|Any CPU
		{F6D109C9-C3C2-4953-AE36-0A084AABED09}.Debug|Any CPU.Build.0 = Debug|Any CPU
		{F6D109C9-C3C2-4953-AE36-0A084AABED09}.Debug|x64.ActiveCfg = Debug|Any CPU
		{F6D109C9-C3C2-4953-AE36-0A084AABED09}.Debug|x64.Build.0 = Debug|Any CPU
		{F6D109C9-C3C2-4953-AE36-0A084AABED09}.Debug|x86.ActiveCfg = Debug|Any CPU
		{F6D109C9-C3C2-4953-AE36-0A084AABED09}.Debug|x86.Build.0 = Debug|Any CPU
		{F6D109C9-C3C2-4953-AE36-0A084AABED09}.Release|Any CPU.ActiveCfg = Release|Any CPU
		{F6D109C9-C3C2-4953-AE36-0A084AABED09}.Release|Any CPU.Build.0 = Release|Any CPU
		{F6D109C9-C3C2-4953-AE36-0A084AABED09}.Release|x64.ActiveCfg = Release|Any CPU
		{F6D109C9-C3C2-4953-AE36-0A084AABED09}.Release|x64.Build.0 = Release|Any CPU
		{F6D109C9-C3C2-4953-AE36-0A084AABED09}.Release|x86.ActiveCfg = Release|Any CPU
		{F6D109C9-C3C2-4953-AE36-0A084AABED09}.Release|x86.Build.0 = Release|Any CPU
		{58BF9FAA-5DC4-4592-BCF2-695399E92A37}.Debug|Any CPU.ActiveCfg = Debug|Any CPU
		{58BF9FAA-5DC4-4592-BCF2-695399E92A37}.Debug|Any CPU.Build.0 = Debug|Any CPU
		{58BF9FAA-5DC4-4592-BCF2-695399E92A37}.Debug|x64.ActiveCfg = Debug|Any CPU
		{58BF9FAA-5DC4-4592-BCF2-695399E92A37}.Debug|x64.Build.0 = Debug|Any CPU
		{58BF9FAA-5DC4-4592-BCF2-695399E92A37}.Debug|x86.ActiveCfg = Debug|Any CPU
		{58BF9FAA-5DC4-4592-BCF2-695399E92A37}.Debug|x86.Build.0 = Debug|Any CPU
		{58BF9FAA-5DC4-4592-BCF2-695399E92A37}.Release|Any CPU.ActiveCfg = Release|Any CPU
		{58BF9FAA-5DC4-4592-BCF2-695399E92A37}.Release|Any CPU.Build.0 = Release|Any CPU
		{58BF9FAA-5DC4-4592-BCF2-695399E92A37}.Release|x64.ActiveCfg = Release|Any CPU
		{58BF9FAA-5DC4-4592-BCF2-695399E92A37}.Release|x64.Build.0 = Release|Any CPU
		{58BF9FAA-5DC4-4592-BCF2-695399E92A37}.Release|x86.ActiveCfg = Release|Any CPU
		{58BF9FAA-5DC4-4592-BCF2-695399E92A37}.Release|x86.Build.0 = Release|Any CPU
		{05601105-F842-4D8D-8FE1-2C3B37B6ACC2}.Debug|Any CPU.ActiveCfg = Debug|Any CPU
		{05601105-F842-4D8D-8FE1-2C3B37B6ACC2}.Debug|Any CPU.Build.0 = Debug|Any CPU
		{05601105-F842-4D8D-8FE1-2C3B37B6ACC2}.Debug|x64.ActiveCfg = Debug|Any CPU
		{05601105-F842-4D8D-8FE1-2C3B37B6ACC2}.Debug|x64.Build.0 = Debug|Any CPU
		{05601105-F842-4D8D-8FE1-2C3B37B6ACC2}.Debug|x86.ActiveCfg = Debug|Any CPU
		{05601105-F842-4D8D-8FE1-2C3B37B6ACC2}.Debug|x86.Build.0 = Debug|Any CPU
		{05601105-F842-4D8D-8FE1-2C3B37B6ACC2}.Release|Any CPU.ActiveCfg = Release|Any CPU
		{05601105-F842-4D8D-8FE1-2C3B37B6ACC2}.Release|Any CPU.Build.0 = Release|Any CPU
		{05601105-F842-4D8D-8FE1-2C3B37B6ACC2}.Release|x64.ActiveCfg = Release|Any CPU
		{05601105-F842-4D8D-8FE1-2C3B37B6ACC2}.Release|x64.Build.0 = Release|Any CPU
		{05601105-F842-4D8D-8FE1-2C3B37B6ACC2}.Release|x86.ActiveCfg = Release|Any CPU
		{05601105-F842-4D8D-8FE1-2C3B37B6ACC2}.Release|x86.Build.0 = Release|Any CPU
		{294F7DB4-2460-4DB0-B285-B9184B58BDC5}.Debug|Any CPU.ActiveCfg = Debug|Any CPU
		{294F7DB4-2460-4DB0-B285-B9184B58BDC5}.Debug|Any CPU.Build.0 = Debug|Any CPU
		{294F7DB4-2460-4DB0-B285-B9184B58BDC5}.Debug|x64.ActiveCfg = Debug|Any CPU
		{294F7DB4-2460-4DB0-B285-B9184B58BDC5}.Debug|x64.Build.0 = Debug|Any CPU
		{294F7DB4-2460-4DB0-B285-B9184B58BDC5}.Debug|x86.ActiveCfg = Debug|Any CPU
		{294F7DB4-2460-4DB0-B285-B9184B58BDC5}.Debug|x86.Build.0 = Debug|Any CPU
		{294F7DB4-2460-4DB0-B285-B9184B58BDC5}.Release|Any CPU.ActiveCfg = Release|Any CPU
		{294F7DB4-2460-4DB0-B285-B9184B58BDC5}.Release|Any CPU.Build.0 = Release|Any CPU
		{294F7DB4-2460-4DB0-B285-B9184B58BDC5}.Release|x64.ActiveCfg = Release|Any CPU
		{294F7DB4-2460-4DB0-B285-B9184B58BDC5}.Release|x64.Build.0 = Release|Any CPU
		{294F7DB4-2460-4DB0-B285-B9184B58BDC5}.Release|x86.ActiveCfg = Release|Any CPU
		{294F7DB4-2460-4DB0-B285-B9184B58BDC5}.Release|x86.Build.0 = Release|Any CPU
		{EC86C2C4-6D34-429A-8FD9-B0D1ED2E517F}.Debug|Any CPU.ActiveCfg = Debug|Any CPU
		{EC86C2C4-6D34-429A-8FD9-B0D1ED2E517F}.Debug|Any CPU.Build.0 = Debug|Any CPU
		{EC86C2C4-6D34-429A-8FD9-B0D1ED2E517F}.Debug|x64.ActiveCfg = Debug|Any CPU
		{EC86C2C4-6D34-429A-8FD9-B0D1ED2E517F}.Debug|x64.Build.0 = Debug|Any CPU
		{EC86C2C4-6D34-429A-8FD9-B0D1ED2E517F}.Debug|x86.ActiveCfg = Debug|Any CPU
		{EC86C2C4-6D34-429A-8FD9-B0D1ED2E517F}.Debug|x86.Build.0 = Debug|Any CPU
		{EC86C2C4-6D34-429A-8FD9-B0D1ED2E517F}.Release|Any CPU.ActiveCfg = Release|Any CPU
		{EC86C2C4-6D34-429A-8FD9-B0D1ED2E517F}.Release|Any CPU.Build.0 = Release|Any CPU
		{EC86C2C4-6D34-429A-8FD9-B0D1ED2E517F}.Release|x64.ActiveCfg = Release|Any CPU
		{EC86C2C4-6D34-429A-8FD9-B0D1ED2E517F}.Release|x64.Build.0 = Release|Any CPU
		{EC86C2C4-6D34-429A-8FD9-B0D1ED2E517F}.Release|x86.ActiveCfg = Release|Any CPU
		{EC86C2C4-6D34-429A-8FD9-B0D1ED2E517F}.Release|x86.Build.0 = Release|Any CPU
		{3CCA33F7-D370-4CAD-A857-23A490C7CE8B}.Debug|Any CPU.ActiveCfg = Debug|Any CPU
		{3CCA33F7-D370-4CAD-A857-23A490C7CE8B}.Debug|Any CPU.Build.0 = Debug|Any CPU
		{3CCA33F7-D370-4CAD-A857-23A490C7CE8B}.Debug|x64.ActiveCfg = Debug|Any CPU
		{3CCA33F7-D370-4CAD-A857-23A490C7CE8B}.Debug|x64.Build.0 = Debug|Any CPU
		{3CCA33F7-D370-4CAD-A857-23A490C7CE8B}.Debug|x86.ActiveCfg = Debug|Any CPU
		{3CCA33F7-D370-4CAD-A857-23A490C7CE8B}.Debug|x86.Build.0 = Debug|Any CPU
		{3CCA33F7-D370-4CAD-A857-23A490C7CE8B}.Release|Any CPU.ActiveCfg = Release|Any CPU
		{3CCA33F7-D370-4CAD-A857-23A490C7CE8B}.Release|Any CPU.Build.0 = Release|Any CPU
		{3CCA33F7-D370-4CAD-A857-23A490C7CE8B}.Release|x64.ActiveCfg = Release|Any CPU
		{3CCA33F7-D370-4CAD-A857-23A490C7CE8B}.Release|x64.Build.0 = Release|Any CPU
		{3CCA33F7-D370-4CAD-A857-23A490C7CE8B}.Release|x86.ActiveCfg = Release|Any CPU
		{3CCA33F7-D370-4CAD-A857-23A490C7CE8B}.Release|x86.Build.0 = Release|Any CPU
		{24B1C3E8-B74B-4050-BAED-0E35EB842BF4}.Debug|Any CPU.ActiveCfg = Debug|Any CPU
		{24B1C3E8-B74B-4050-BAED-0E35EB842BF4}.Debug|Any CPU.Build.0 = Debug|Any CPU
		{24B1C3E8-B74B-4050-BAED-0E35EB842BF4}.Debug|x64.ActiveCfg = Debug|Any CPU
		{24B1C3E8-B74B-4050-BAED-0E35EB842BF4}.Debug|x64.Build.0 = Debug|Any CPU
		{24B1C3E8-B74B-4050-BAED-0E35EB842BF4}.Debug|x86.ActiveCfg = Debug|Any CPU
		{24B1C3E8-B74B-4050-BAED-0E35EB842BF4}.Debug|x86.Build.0 = Debug|Any CPU
		{24B1C3E8-B74B-4050-BAED-0E35EB842BF4}.Release|Any CPU.ActiveCfg = Release|Any CPU
		{24B1C3E8-B74B-4050-BAED-0E35EB842BF4}.Release|Any CPU.Build.0 = Release|Any CPU
		{24B1C3E8-B74B-4050-BAED-0E35EB842BF4}.Release|x64.ActiveCfg = Release|Any CPU
		{24B1C3E8-B74B-4050-BAED-0E35EB842BF4}.Release|x64.Build.0 = Release|Any CPU
		{24B1C3E8-B74B-4050-BAED-0E35EB842BF4}.Release|x86.ActiveCfg = Release|Any CPU
		{24B1C3E8-B74B-4050-BAED-0E35EB842BF4}.Release|x86.Build.0 = Release|Any CPU
		{26193445-DB08-44EA-998D-42BF471FCB21}.Debug|Any CPU.ActiveCfg = Debug|Any CPU
		{26193445-DB08-44EA-998D-42BF471FCB21}.Debug|Any CPU.Build.0 = Debug|Any CPU
		{26193445-DB08-44EA-998D-42BF471FCB21}.Debug|x64.ActiveCfg = Debug|Any CPU
		{26193445-DB08-44EA-998D-42BF471FCB21}.Debug|x64.Build.0 = Debug|Any CPU
		{26193445-DB08-44EA-998D-42BF471FCB21}.Debug|x86.ActiveCfg = Debug|Any CPU
		{26193445-DB08-44EA-998D-42BF471FCB21}.Debug|x86.Build.0 = Debug|Any CPU
		{26193445-DB08-44EA-998D-42BF471FCB21}.Release|Any CPU.ActiveCfg = Release|Any CPU
		{26193445-DB08-44EA-998D-42BF471FCB21}.Release|Any CPU.Build.0 = Release|Any CPU
		{26193445-DB08-44EA-998D-42BF471FCB21}.Release|x64.ActiveCfg = Release|Any CPU
		{26193445-DB08-44EA-998D-42BF471FCB21}.Release|x64.Build.0 = Release|Any CPU
		{26193445-DB08-44EA-998D-42BF471FCB21}.Release|x86.ActiveCfg = Release|Any CPU
		{26193445-DB08-44EA-998D-42BF471FCB21}.Release|x86.Build.0 = Release|Any CPU
		{1954D9B2-B889-44CC-AB30-29C1B9096EA1}.Debug|Any CPU.ActiveCfg = Debug|Any CPU
		{1954D9B2-B889-44CC-AB30-29C1B9096EA1}.Debug|Any CPU.Build.0 = Debug|Any CPU
		{1954D9B2-B889-44CC-AB30-29C1B9096EA1}.Debug|x64.ActiveCfg = Debug|Any CPU
		{1954D9B2-B889-44CC-AB30-29C1B9096EA1}.Debug|x64.Build.0 = Debug|Any CPU
		{1954D9B2-B889-44CC-AB30-29C1B9096EA1}.Debug|x86.ActiveCfg = Debug|Any CPU
		{1954D9B2-B889-44CC-AB30-29C1B9096EA1}.Debug|x86.Build.0 = Debug|Any CPU
		{1954D9B2-B889-44CC-AB30-29C1B9096EA1}.Release|Any CPU.ActiveCfg = Release|Any CPU
		{1954D9B2-B889-44CC-AB30-29C1B9096EA1}.Release|Any CPU.Build.0 = Release|Any CPU
		{1954D9B2-B889-44CC-AB30-29C1B9096EA1}.Release|x64.ActiveCfg = Release|Any CPU
		{1954D9B2-B889-44CC-AB30-29C1B9096EA1}.Release|x64.Build.0 = Release|Any CPU
		{1954D9B2-B889-44CC-AB30-29C1B9096EA1}.Release|x86.ActiveCfg = Release|Any CPU
		{1954D9B2-B889-44CC-AB30-29C1B9096EA1}.Release|x86.Build.0 = Release|Any CPU
		{F9950F5F-C84B-456C-B147-90A9D154A1D7}.Debug|Any CPU.ActiveCfg = Debug|Any CPU
		{F9950F5F-C84B-456C-B147-90A9D154A1D7}.Debug|Any CPU.Build.0 = Debug|Any CPU
		{F9950F5F-C84B-456C-B147-90A9D154A1D7}.Debug|x64.ActiveCfg = Debug|Any CPU
		{F9950F5F-C84B-456C-B147-90A9D154A1D7}.Debug|x64.Build.0 = Debug|Any CPU
		{F9950F5F-C84B-456C-B147-90A9D154A1D7}.Debug|x86.ActiveCfg = Debug|Any CPU
		{F9950F5F-C84B-456C-B147-90A9D154A1D7}.Debug|x86.Build.0 = Debug|Any CPU
		{F9950F5F-C84B-456C-B147-90A9D154A1D7}.Release|Any CPU.ActiveCfg = Release|Any CPU
		{F9950F5F-C84B-456C-B147-90A9D154A1D7}.Release|Any CPU.Build.0 = Release|Any CPU
		{F9950F5F-C84B-456C-B147-90A9D154A1D7}.Release|x64.ActiveCfg = Release|Any CPU
		{F9950F5F-C84B-456C-B147-90A9D154A1D7}.Release|x64.Build.0 = Release|Any CPU
		{F9950F5F-C84B-456C-B147-90A9D154A1D7}.Release|x86.ActiveCfg = Release|Any CPU
		{F9950F5F-C84B-456C-B147-90A9D154A1D7}.Release|x86.Build.0 = Release|Any CPU
	EndGlobalSection
	GlobalSection(SolutionProperties) = preSolution
		HideSolutionNode = FALSE
	EndGlobalSection
EndGlobal
